// !$*UTF8*$!
{
	archiveVersion = 1;
	classes = {
	};
	objectVersion = 46;
	objects = {

/* Begin PBXBuildFile section */
		C2B573BA1B1CD91E00303B36 /* main.m in Sources */ = {isa = PBXBuildFile; fileRef = C2B573B91B1CD91E00303B36 /* main.m */; };
		C2B573D21B1CD94B00303B36 /* main.m in Resources */ = {isa = PBXBuildFile; fileRef = C2B573B91B1CD91E00303B36 /* main.m */; };
		C2B573DE1B1CD9CE00303B36 /* FinderSync.m in Sources */ = {isa = PBXBuildFile; fileRef = C2B573DD1B1CD9CE00303B36 /* FinderSync.m */; };
		C2B573E21B1CD9CE00303B36 /* FinderSyncExt.appex in Embed App Extensions */ = {isa = PBXBuildFile; fileRef = C2B573D71B1CD9CE00303B36 /* FinderSyncExt.appex */; settings = {ATTRIBUTES = (RemoveHeadersOnCopy, ); }; };
		C2B573F31B1DAD6400303B36 /* error.iconset in Resources */ = {isa = PBXBuildFile; fileRef = C2B573EB1B1DAD6400303B36 /* error.iconset */; };
		C2B573F41B1DAD6400303B36 /* ok_swm.iconset in Resources */ = {isa = PBXBuildFile; fileRef = C2B573EC1B1DAD6400303B36 /* ok_swm.iconset */; };
		C2B573F51B1DAD6400303B36 /* ok.iconset in Resources */ = {isa = PBXBuildFile; fileRef = C2B573ED1B1DAD6400303B36 /* ok.iconset */; };
		C2B573F71B1DAD6400303B36 /* sync.iconset in Resources */ = {isa = PBXBuildFile; fileRef = C2B573EF1B1DAD6400303B36 /* sync.iconset */; };
		C2B573F91B1DAD6400303B36 /* warning.iconset in Resources */ = {isa = PBXBuildFile; fileRef = C2B573F11B1DAD6400303B36 /* warning.iconset */; };
		C2C932F01F0BFC6700C8BCB3 /* SyncClientProxy.m in Sources */ = {isa = PBXBuildFile; fileRef = C2C932EF1F0BFC6700C8BCB3 /* SyncClientProxy.m */; };
/* End PBXBuildFile section */

/* Begin PBXContainerItemProxy section */
		C2B573DF1B1CD9CE00303B36 /* PBXContainerItemProxy */ = {
			isa = PBXContainerItemProxy;
			containerPortal = C2B573951B1CD88000303B36 /* Project object */;
			proxyType = 1;
			remoteGlobalIDString = C2B573D61B1CD9CE00303B36;
			remoteInfo = FinderSyncExt;
		};
/* End PBXContainerItemProxy section */

/* Begin PBXCopyFilesBuildPhase section */
		C2B573E11B1CD9CE00303B36 /* Embed App Extensions */ = {
			isa = PBXCopyFilesBuildPhase;
			buildActionMask = 2147483647;
			dstPath = "";
			dstSubfolderSpec = 13;
			files = (
				C2B573E21B1CD9CE00303B36 /* FinderSyncExt.appex in Embed App Extensions */,
			);
			name = "Embed App Extensions";
			runOnlyForDeploymentPostprocessing = 0;
		};
/* End PBXCopyFilesBuildPhase section */

/* Begin PBXFileReference section */
		C2B573B11B1CD91E00303B36 /* desktopclient.app */ = {isa = PBXFileReference; explicitFileType = wrapper.application; includeInIndex = 0; path = desktopclient.app; sourceTree = BUILT_PRODUCTS_DIR; };
		C2B573B51B1CD91E00303B36 /* Info.plist */ = {isa = PBXFileReference; lastKnownFileType = text.plist.xml; path = Info.plist; sourceTree = "<group>"; };
		C2B573B91B1CD91E00303B36 /* main.m */ = {isa = PBXFileReference; lastKnownFileType = sourcecode.c.objc; path = main.m; sourceTree = "<group>"; };
		C2B573D71B1CD9CE00303B36 /* FinderSyncExt.appex */ = {isa = PBXFileReference; explicitFileType = "wrapper.app-extension"; includeInIndex = 0; path = FinderSyncExt.appex; sourceTree = BUILT_PRODUCTS_DIR; };
		C2B573DA1B1CD9CE00303B36 /* Info.plist */ = {isa = PBXFileReference; lastKnownFileType = text.plist.xml; path = Info.plist; sourceTree = "<group>"; };
		C2B573DB1B1CD9CE00303B36 /* FinderSyncExt.entitlements */ = {isa = PBXFileReference; lastKnownFileType = text.xml; path = FinderSyncExt.entitlements; sourceTree = "<group>"; };
		C2B573DC1B1CD9CE00303B36 /* FinderSync.h */ = {isa = PBXFileReference; lastKnownFileType = sourcecode.c.h; path = FinderSync.h; sourceTree = "<group>"; };
		C2B573DD1B1CD9CE00303B36 /* FinderSync.m */ = {isa = PBXFileReference; lastKnownFileType = sourcecode.c.objc; path = FinderSync.m; sourceTree = "<group>"; };
		C2B573EB1B1DAD6400303B36 /* error.iconset */ = {isa = PBXFileReference; lastKnownFileType = folder.iconset; name = error.iconset; path = ../../icons/nopadding/error.iconset; sourceTree = SOURCE_ROOT; };
		C2B573EC1B1DAD6400303B36 /* ok_swm.iconset */ = {isa = PBXFileReference; lastKnownFileType = folder.iconset; name = ok_swm.iconset; path = ../../icons/nopadding/ok_swm.iconset; sourceTree = SOURCE_ROOT; };
		C2B573ED1B1DAD6400303B36 /* ok.iconset */ = {isa = PBXFileReference; lastKnownFileType = folder.iconset; name = ok.iconset; path = ../../icons/nopadding/ok.iconset; sourceTree = SOURCE_ROOT; };
		C2B573EF1B1DAD6400303B36 /* sync.iconset */ = {isa = PBXFileReference; lastKnownFileType = folder.iconset; name = sync.iconset; path = ../../icons/nopadding/sync.iconset; sourceTree = SOURCE_ROOT; };
		C2B573F11B1DAD6400303B36 /* warning.iconset */ = {isa = PBXFileReference; lastKnownFileType = folder.iconset; name = warning.iconset; path = ../../icons/nopadding/warning.iconset; sourceTree = SOURCE_ROOT; };
		C2C932EE1F0BFC6700C8BCB3 /* SyncClientProxy.h */ = {isa = PBXFileReference; fileEncoding = 4; lastKnownFileType = sourcecode.c.h; path = SyncClientProxy.h; sourceTree = "<group>"; };
		C2C932EF1F0BFC6700C8BCB3 /* SyncClientProxy.m */ = {isa = PBXFileReference; fileEncoding = 4; lastKnownFileType = sourcecode.c.objc; path = SyncClientProxy.m; sourceTree = "<group>"; };
/* End PBXFileReference section */

/* Begin PBXFrameworksBuildPhase section */
		C2B573AE1B1CD91E00303B36 /* Frameworks */ = {
			isa = PBXFrameworksBuildPhase;
			buildActionMask = 2147483647;
			files = (
			);
			runOnlyForDeploymentPostprocessing = 0;
		};
		C2B573D41B1CD9CE00303B36 /* Frameworks */ = {
			isa = PBXFrameworksBuildPhase;
			buildActionMask = 2147483647;
			files = (
			);
			runOnlyForDeploymentPostprocessing = 0;
		};
/* End PBXFrameworksBuildPhase section */

/* Begin PBXGroup section */
		C2B573941B1CD88000303B36 = {
			isa = PBXGroup;
			children = (
				C2B573B31B1CD91E00303B36 /* desktopclient */,
				C2B573D81B1CD9CE00303B36 /* FinderSyncExt */,
				C2B573B21B1CD91E00303B36 /* Products */,
			);
			sourceTree = "<group>";
		};
		C2B573B21B1CD91E00303B36 /* Products */ = {
			isa = PBXGroup;
			children = (
				C2B573B11B1CD91E00303B36 /* desktopclient.app */,
				C2B573D71B1CD9CE00303B36 /* FinderSyncExt.appex */,
			);
			name = Products;
			sourceTree = "<group>";
		};
		C2B573B31B1CD91E00303B36 /* desktopclient */ = {
			isa = PBXGroup;
			children = (
				C2B573B41B1CD91E00303B36 /* Supporting Files */,
			);
			path = desktopclient;
			sourceTree = "<group>";
		};
		C2B573B41B1CD91E00303B36 /* Supporting Files */ = {
			isa = PBXGroup;
			children = (
				C2B573B51B1CD91E00303B36 /* Info.plist */,
				C2B573B91B1CD91E00303B36 /* main.m */,
			);
			name = "Supporting Files";
			sourceTree = "<group>";
		};
		C2B573D81B1CD9CE00303B36 /* FinderSyncExt */ = {
			isa = PBXGroup;
			children = (
				C2C932EE1F0BFC6700C8BCB3 /* SyncClientProxy.h */,
				C2C932EF1F0BFC6700C8BCB3 /* SyncClientProxy.m */,
				C2B573DC1B1CD9CE00303B36 /* FinderSync.h */,
				C2B573DD1B1CD9CE00303B36 /* FinderSync.m */,
				C2B573D91B1CD9CE00303B36 /* Supporting Files */,
			);
			path = FinderSyncExt;
			sourceTree = "<group>";
		};
		C2B573D91B1CD9CE00303B36 /* Supporting Files */ = {
			isa = PBXGroup;
			children = (
				C2B573EB1B1DAD6400303B36 /* error.iconset */,
				C2B573EC1B1DAD6400303B36 /* ok_swm.iconset */,
				C2B573ED1B1DAD6400303B36 /* ok.iconset */,
				C2B573EF1B1DAD6400303B36 /* sync.iconset */,
				C2B573F11B1DAD6400303B36 /* warning.iconset */,
				C2B573DA1B1CD9CE00303B36 /* Info.plist */,
				C2B573DB1B1CD9CE00303B36 /* FinderSyncExt.entitlements */,
			);
			name = "Supporting Files";
			sourceTree = "<group>";
		};
/* End PBXGroup section */

/* Begin PBXNativeTarget section */
		C2B573B01B1CD91E00303B36 /* desktopclient */ = {
			isa = PBXNativeTarget;
			buildConfigurationList = C2B573CC1B1CD91E00303B36 /* Build configuration list for PBXNativeTarget "desktopclient" */;
			buildPhases = (
				C2B573AD1B1CD91E00303B36 /* Sources */,
				C2B573AE1B1CD91E00303B36 /* Frameworks */,
				C2B573AF1B1CD91E00303B36 /* Resources */,
				C2B573E11B1CD9CE00303B36 /* Embed App Extensions */,
			);
			buildRules = (
			);
			dependencies = (
				C2B573E01B1CD9CE00303B36 /* PBXTargetDependency */,
			);
			name = desktopclient;
			productName = desktopclient;
			productReference = C2B573B11B1CD91E00303B36 /* desktopclient.app */;
			productType = "com.apple.product-type.application";
		};
		C2B573D61B1CD9CE00303B36 /* FinderSyncExt */ = {
			isa = PBXNativeTarget;
			buildConfigurationList = C2B573E31B1CD9CE00303B36 /* Build configuration list for PBXNativeTarget "FinderSyncExt" */;
			buildPhases = (
				C2B573D31B1CD9CE00303B36 /* Sources */,
				C2B573D41B1CD9CE00303B36 /* Frameworks */,
				C2B573D51B1CD9CE00303B36 /* Resources */,
				5B3335471CA058E200E11A45 /* ShellScript */,
			);
			buildRules = (
			);
			dependencies = (
			);
			name = FinderSyncExt;
			productName = FinderSyncExt;
			productReference = C2B573D71B1CD9CE00303B36 /* FinderSyncExt.appex */;
			productType = "com.apple.product-type.app-extension";
		};
/* End PBXNativeTarget section */

/* Begin PBXProject section */
		C2B573951B1CD88000303B36 /* Project object */ = {
			isa = PBXProject;
			attributes = {
				LastUpgradeCheck = 0630;
				TargetAttributes = {
					C2B573B01B1CD91E00303B36 = {
						CreatedOnToolsVersion = 6.3.1;
						DevelopmentTeam = 9B5WD74GWJ;
					};
					C2B573D61B1CD9CE00303B36 = {
						CreatedOnToolsVersion = 6.3.1;
						DevelopmentTeam = 9B5WD74GWJ;
						SystemCapabilities = {
							com.apple.ApplicationGroups.Mac = {
								enabled = 1;
							};
						};
					};
				};
			};
			buildConfigurationList = C2B573981B1CD88000303B36 /* Build configuration list for PBXProject "OwnCloudFinderSync" */;
			compatibilityVersion = "Xcode 3.2";
			developmentRegion = English;
			hasScannedForEncodings = 0;
			knownRegions = (
				en,
				Base,
			);
			mainGroup = C2B573941B1CD88000303B36;
			productRefGroup = C2B573B21B1CD91E00303B36 /* Products */;
			projectDirPath = "";
			projectRoot = "";
			targets = (
				C2B573B01B1CD91E00303B36 /* desktopclient */,
				C2B573D61B1CD9CE00303B36 /* FinderSyncExt */,
			);
		};
/* End PBXProject section */

/* Begin PBXResourcesBuildPhase section */
		C2B573AF1B1CD91E00303B36 /* Resources */ = {
			isa = PBXResourcesBuildPhase;
			buildActionMask = 2147483647;
			files = (
				C2B573D21B1CD94B00303B36 /* main.m in Resources */,
			);
			runOnlyForDeploymentPostprocessing = 0;
		};
		C2B573D51B1CD9CE00303B36 /* Resources */ = {
			isa = PBXResourcesBuildPhase;
			buildActionMask = 2147483647;
			files = (
				C2B573F91B1DAD6400303B36 /* warning.iconset in Resources */,
				C2B573F31B1DAD6400303B36 /* error.iconset in Resources */,
				C2B573F71B1DAD6400303B36 /* sync.iconset in Resources */,
				C2B573F41B1DAD6400303B36 /* ok_swm.iconset in Resources */,
				C2B573F51B1DAD6400303B36 /* ok.iconset in Resources */,
			);
			runOnlyForDeploymentPostprocessing = 0;
		};
/* End PBXResourcesBuildPhase section */

/* Begin PBXShellScriptBuildPhase section */
		5B3335471CA058E200E11A45 /* ShellScript */ = {
			isa = PBXShellScriptBuildPhase;
			buildActionMask = 2147483647;
			files = (
			);
			inputPaths = (
			);
			outputPaths = (
			);
			runOnlyForDeploymentPostprocessing = 0;
			shellPath = /bin/sh;
			shellScript = "if [[ ${OC_OEM_SHARE_ICNS} ]]; then\n  cp ${OC_OEM_SHARE_ICNS} ${BUILT_PRODUCTS_DIR}/FinderSyncExt.appex/Contents/Resources/app.icns\nfi";
			showEnvVarsInLog = 0;
		};
/* End PBXShellScriptBuildPhase section */

/* Begin PBXSourcesBuildPhase section */
		C2B573AD1B1CD91E00303B36 /* Sources */ = {
			isa = PBXSourcesBuildPhase;
			buildActionMask = 2147483647;
			files = (
				C2B573BA1B1CD91E00303B36 /* main.m in Sources */,
			);
			runOnlyForDeploymentPostprocessing = 0;
		};
		C2B573D31B1CD9CE00303B36 /* Sources */ = {
			isa = PBXSourcesBuildPhase;
			buildActionMask = 2147483647;
			files = (
				C2C932F01F0BFC6700C8BCB3 /* SyncClientProxy.m in Sources */,
				C2B573DE1B1CD9CE00303B36 /* FinderSync.m in Sources */,
			);
			runOnlyForDeploymentPostprocessing = 0;
		};
/* End PBXSourcesBuildPhase section */

/* Begin PBXTargetDependency section */
		C2B573E01B1CD9CE00303B36 /* PBXTargetDependency */ = {
			isa = PBXTargetDependency;
			target = C2B573D61B1CD9CE00303B36 /* FinderSyncExt */;
			targetProxy = C2B573DF1B1CD9CE00303B36 /* PBXContainerItemProxy */;
		};
/* End PBXTargetDependency section */

/* Begin XCBuildConfiguration section */
		C2B573991B1CD88000303B36 /* Debug */ = {
			isa = XCBuildConfiguration;
			buildSettings = {
			};
			name = Debug;
		};
		C2B5739A1B1CD88000303B36 /* Release */ = {
			isa = XCBuildConfiguration;
			buildSettings = {
			};
			name = Release;
		};
		C2B573CD1B1CD91E00303B36 /* Debug */ = {
			isa = XCBuildConfiguration;
			buildSettings = {
				ALWAYS_SEARCH_USER_PATHS = NO;
				ASSETCATALOG_COMPILER_APPICON_NAME = AppIcon;
				CLANG_CXX_LANGUAGE_STANDARD = "gnu++0x";
				CLANG_CXX_LIBRARY = "libc++";
				CLANG_ENABLE_MODULES = YES;
				CLANG_ENABLE_OBJC_ARC = YES;
				CLANG_WARN_BOOL_CONVERSION = YES;
				CLANG_WARN_CONSTANT_CONVERSION = YES;
				CLANG_WARN_DIRECT_OBJC_ISA_USAGE = YES_ERROR;
				CLANG_WARN_EMPTY_BODY = YES;
				CLANG_WARN_ENUM_CONVERSION = YES;
				CLANG_WARN_INT_CONVERSION = YES;
				CLANG_WARN_OBJC_ROOT_CLASS = YES_ERROR;
				CLANG_WARN_UNREACHABLE_CODE = YES;
				CLANG_WARN__DUPLICATE_METHOD_MATCH = YES;
				CODE_SIGN_IDENTITY = "-";
				COMBINE_HIDPI_IMAGES = YES;
				COPY_PHASE_STRIP = NO;
				DEBUG_INFORMATION_FORMAT = dwarf;
				ENABLE_STRICT_OBJC_MSGSEND = YES;
				GCC_C_LANGUAGE_STANDARD = gnu99;
				GCC_DYNAMIC_NO_PIC = NO;
				GCC_NO_COMMON_BLOCKS = YES;
				GCC_OPTIMIZATION_LEVEL = 0;
				GCC_PREPROCESSOR_DEFINITIONS = (
					"DEBUG=1",
					"$(inherited)",
				);
				GCC_SYMBOLS_PRIVATE_EXTERN = NO;
				GCC_WARN_64_TO_32_BIT_CONVERSION = YES;
				GCC_WARN_ABOUT_RETURN_TYPE = YES_ERROR;
				GCC_WARN_UNDECLARED_SELECTOR = YES;
				GCC_WARN_UNINITIALIZED_AUTOS = YES_AGGRESSIVE;
				GCC_WARN_UNUSED_FUNCTION = YES;
				GCC_WARN_UNUSED_VARIABLE = YES;
				INFOPLIST_FILE = desktopclient/Info.plist;
				LD_RUNPATH_SEARCH_PATHS = "$(inherited) @executable_path/../Frameworks";
				MACOSX_DEPLOYMENT_TARGET = 10.15;
				MTL_ENABLE_DEBUG_INFO = YES;
				ONLY_ACTIVE_ARCH = YES;
				PRODUCT_NAME = "$(TARGET_NAME)";
				PROVISIONING_PROFILE = "";
				SDKROOT = macosx;
			};
			name = Debug;
		};
		C2B573CE1B1CD91E00303B36 /* Release */ = {
			isa = XCBuildConfiguration;
			buildSettings = {
				ALWAYS_SEARCH_USER_PATHS = NO;
				ASSETCATALOG_COMPILER_APPICON_NAME = AppIcon;
				CLANG_CXX_LANGUAGE_STANDARD = "gnu++0x";
				CLANG_CXX_LIBRARY = "libc++";
				CLANG_ENABLE_MODULES = YES;
				CLANG_ENABLE_OBJC_ARC = YES;
				CLANG_WARN_BOOL_CONVERSION = YES;
				CLANG_WARN_CONSTANT_CONVERSION = YES;
				CLANG_WARN_DIRECT_OBJC_ISA_USAGE = YES_ERROR;
				CLANG_WARN_EMPTY_BODY = YES;
				CLANG_WARN_ENUM_CONVERSION = YES;
				CLANG_WARN_INT_CONVERSION = YES;
				CLANG_WARN_OBJC_ROOT_CLASS = YES_ERROR;
				CLANG_WARN_UNREACHABLE_CODE = YES;
				CLANG_WARN__DUPLICATE_METHOD_MATCH = YES;
				CODE_SIGN_IDENTITY = "-";
				COMBINE_HIDPI_IMAGES = YES;
				COPY_PHASE_STRIP = NO;
				DEBUG_INFORMATION_FORMAT = "dwarf-with-dsym";
				ENABLE_NS_ASSERTIONS = NO;
				ENABLE_STRICT_OBJC_MSGSEND = YES;
				GCC_C_LANGUAGE_STANDARD = gnu99;
				GCC_NO_COMMON_BLOCKS = YES;
				GCC_WARN_64_TO_32_BIT_CONVERSION = YES;
				GCC_WARN_ABOUT_RETURN_TYPE = YES_ERROR;
				GCC_WARN_UNDECLARED_SELECTOR = YES;
				GCC_WARN_UNINITIALIZED_AUTOS = YES_AGGRESSIVE;
				GCC_WARN_UNUSED_FUNCTION = YES;
				GCC_WARN_UNUSED_VARIABLE = YES;
				INFOPLIST_FILE = desktopclient/Info.plist;
				LD_RUNPATH_SEARCH_PATHS = "$(inherited) @executable_path/../Frameworks";
				MACOSX_DEPLOYMENT_TARGET = 10.15;
				MTL_ENABLE_DEBUG_INFO = NO;
				PRODUCT_NAME = "$(TARGET_NAME)";
				PROVISIONING_PROFILE = "";
				SDKROOT = macosx;
			};
			name = Release;
		};
		C2B573E41B1CD9CE00303B36 /* Debug */ = {
			isa = XCBuildConfiguration;
			buildSettings = {
				ALWAYS_SEARCH_USER_PATHS = NO;
				CLANG_CXX_LANGUAGE_STANDARD = "gnu++0x";
				CLANG_CXX_LIBRARY = "libc++";
				CLANG_ENABLE_MODULES = YES;
				CLANG_ENABLE_OBJC_ARC = YES;
				CLANG_WARN_BOOL_CONVERSION = YES;
				CLANG_WARN_CONSTANT_CONVERSION = YES;
				CLANG_WARN_DIRECT_OBJC_ISA_USAGE = YES_ERROR;
				CLANG_WARN_EMPTY_BODY = YES;
				CLANG_WARN_ENUM_CONVERSION = YES;
				CLANG_WARN_INT_CONVERSION = YES;
				CLANG_WARN_OBJC_ROOT_CLASS = YES_ERROR;
				CLANG_WARN_UNREACHABLE_CODE = YES;
				CLANG_WARN__DUPLICATE_METHOD_MATCH = YES;
				CODE_SIGN_ENTITLEMENTS = FinderSyncExt/FinderSyncExt.entitlements;
				CODE_SIGN_IDENTITY = "-";
				COMBINE_HIDPI_IMAGES = YES;
				COPY_PHASE_STRIP = NO;
				DEBUG_INFORMATION_FORMAT = dwarf;
				ENABLE_STRICT_OBJC_MSGSEND = YES;
				GCC_C_LANGUAGE_STANDARD = gnu99;
				GCC_DYNAMIC_NO_PIC = NO;
				GCC_NO_COMMON_BLOCKS = YES;
				GCC_OPTIMIZATION_LEVEL = 0;
				GCC_PREPROCESSOR_DEFINITIONS = (
					"DEBUG=1",
					"$(inherited)",
				);
				GCC_SYMBOLS_PRIVATE_EXTERN = NO;
				GCC_WARN_64_TO_32_BIT_CONVERSION = YES;
				GCC_WARN_ABOUT_RETURN_TYPE = YES_ERROR;
				GCC_WARN_UNDECLARED_SELECTOR = YES;
				GCC_WARN_UNINITIALIZED_AUTOS = YES_AGGRESSIVE;
				GCC_WARN_UNUSED_FUNCTION = YES;
				GCC_WARN_UNUSED_VARIABLE = YES;
				INFOPLIST_FILE = FinderSyncExt/Info.plist;
				LD_RUNPATH_SEARCH_PATHS = "$(inherited) @executable_path/../Frameworks @executable_path/../../../../Frameworks";
				MACOSX_DEPLOYMENT_TARGET = 10.15;
				MTL_ENABLE_DEBUG_INFO = YES;
				OC_APPLICATION_NAME = ownCloud;
				OC_APPLICATION_REV_DOMAIN = com.owncloud.desktopclient;
				OC_OEM_SHARE_ICNS = "";
				OC_SOCKETAPI_TEAM_IDENTIFIER_PREFIX = "";
				ONLY_ACTIVE_ARCH = YES;
				PRODUCT_NAME = "$(TARGET_NAME)";
				PROVISIONING_PROFILE = "";
				SDKROOT = macosx;
				SKIP_INSTALL = YES;
			};
			name = Debug;
		};
		C2B573E51B1CD9CE00303B36 /* Release */ = {
			isa = XCBuildConfiguration;
			buildSettings = {
				ALWAYS_SEARCH_USER_PATHS = NO;
				CLANG_CXX_LANGUAGE_STANDARD = "gnu++0x";
				CLANG_CXX_LIBRARY = "libc++";
				CLANG_ENABLE_MODULES = YES;
				CLANG_ENABLE_OBJC_ARC = YES;
				CLANG_WARN_BOOL_CONVERSION = YES;
				CLANG_WARN_CONSTANT_CONVERSION = YES;
				CLANG_WARN_DIRECT_OBJC_ISA_USAGE = YES_ERROR;
				CLANG_WARN_EMPTY_BODY = YES;
				CLANG_WARN_ENUM_CONVERSION = YES;
				CLANG_WARN_INT_CONVERSION = YES;
				CLANG_WARN_OBJC_ROOT_CLASS = YES_ERROR;
				CLANG_WARN_UNREACHABLE_CODE = YES;
				CLANG_WARN__DUPLICATE_METHOD_MATCH = YES;
				CODE_SIGN_ENTITLEMENTS = FinderSyncExt/FinderSyncExt.entitlements;
				CODE_SIGN_IDENTITY = "-";
				CODE_SIGN_INJECT_BASE_ENTITLEMENTS = NO;
				COMBINE_HIDPI_IMAGES = YES;
				COPY_PHASE_STRIP = NO;
				DEBUG_INFORMATION_FORMAT = "dwarf-with-dsym";
				ENABLE_NS_ASSERTIONS = NO;
				ENABLE_STRICT_OBJC_MSGSEND = YES;
				GCC_C_LANGUAGE_STANDARD = gnu99;
				GCC_NO_COMMON_BLOCKS = YES;
				GCC_WARN_64_TO_32_BIT_CONVERSION = YES;
				GCC_WARN_ABOUT_RETURN_TYPE = YES_ERROR;
				GCC_WARN_UNDECLARED_SELECTOR = YES;
				GCC_WARN_UNINITIALIZED_AUTOS = YES_AGGRESSIVE;
				GCC_WARN_UNUSED_FUNCTION = YES;
				GCC_WARN_UNUSED_VARIABLE = YES;
				INFOPLIST_FILE = FinderSyncExt/Info.plist;
				LD_RUNPATH_SEARCH_PATHS = "$(inherited) @executable_path/../Frameworks @executable_path/../../../../Frameworks";
				MACOSX_DEPLOYMENT_TARGET = 10.15;
				MTL_ENABLE_DEBUG_INFO = NO;
				OC_APPLICATION_NAME = ownCloud;
				OC_APPLICATION_REV_DOMAIN = com.owncloud.desktopclient;
				OC_OEM_SHARE_ICNS = "";
				OC_SOCKETAPI_TEAM_IDENTIFIER_PREFIX = "";
				PRODUCT_NAME = "$(TARGET_NAME)";
				PROVISIONING_PROFILE = "";
				SDKROOT = macosx;
				SKIP_INSTALL = YES;
			};
			name = Release;
		};
/* End XCBuildConfiguration section */

/* Begin XCConfigurationList section */
		C2B573981B1CD88000303B36 /* Build configuration list for PBXProject "OwnCloudFinderSync" */ = {
			isa = XCConfigurationList;
			buildConfigurations = (
				C2B573991B1CD88000303B36 /* Debug */,
				C2B5739A1B1CD88000303B36 /* Release */,
			);
			defaultConfigurationIsVisible = 0;
			defaultConfigurationName = Release;
		};
		C2B573CC1B1CD91E00303B36 /* Build configuration list for PBXNativeTarget "desktopclient" */ = {
			isa = XCConfigurationList;
			buildConfigurations = (
				C2B573CD1B1CD91E00303B36 /* Debug */,
				C2B573CE1B1CD91E00303B36 /* Release */,
			);
			defaultConfigurationIsVisible = 0;
			defaultConfigurationName = Release;
		};
		C2B573E31B1CD9CE00303B36 /* Build configuration list for PBXNativeTarget "FinderSyncExt" */ = {
			isa = XCConfigurationList;
			buildConfigurations = (
				C2B573E41B1CD9CE00303B36 /* Debug */,
				C2B573E51B1CD9CE00303B36 /* Release */,
			);
			defaultConfigurationIsVisible = 0;
			defaultConfigurationName = Release;
		};
/* End XCConfigurationList section */
	};
	rootObject = C2B573951B1CD88000303B36 /* Project object */;
}
