{
  "originHash" : "09a77c502e437790be000de1eb2b894b4b1d352b35dd71fb31e6522346845201",
  "pins" : [
    {
      "identity" : "alamofire",
      "kind" : "remoteSourceControl",
      "location" : "https://github.com/Alamofire/Alamofire",
      "state" : {
        "revision" : "7595cbcf59809f9977c5f6378500de2ad73b7ddb",
        "version" : "5.12.0"
      }
    },
    {
      "identity" : "codescanner",
      "kind" : "remoteSourceControl",
      "location" : "https://github.com/twostraws/CodeScanner.git",
      "state" : {
        "revision" : "5e886430238944c7200fc9e10dbf2d9550dba865",
        "version" : "2.5.2"
      }
    },
    {
      "identity" : "nextcloudcapabilitieskit",
      "kind" : "remoteSourceControl",
      "location" : "https://github.com/nextcloud/NextcloudCapabilitiesKit.git",
      "state" : {
        "revision" : "e7cc7d2214ff565e08cffd8495465634d2c6998c",
        "version" : "2.5.0"
      }
    },
    {
      "identity" : "nextcloudkit",
      "kind" : "remoteSourceControl",
      "location" : "https://github.com/nextcloud/NextcloudKit",
      "state" : {
        "revision" : "71fe462e9bc4620325f4f12656f54849e2316e95",
        "version" : "7.4.0"
      }
    },
    {
      "identity" : "realm-core",
      "kind" : "remoteSourceControl",
      "location" : "https://github.com/realm/realm-core.git",
      "state" : {
        "revision" : "b4192c46305570577c4d08df790fddec5ab3aa04",
        "version" : "20.1.5"
      }
    },
    {
      "identity" : "realm-swift",
      "kind" : "remoteSourceControl",
      "location" : "https://github.com/realm/realm-swift.git",
      "state" : {
        "revision" : "ca03df491ec5e4bb8af0bca1e9957d08c10ec2da",
        "version" : "20.0.5"
      }
    },
    {
      "identity" : "suggestionstextfieldkit",
      "kind" : "remoteSourceControl",
      "location" : "https://github.com/claucambra/SuggestionsTextFieldKit.git",
      "state" : {
        "revision" : "b8e267d98a2a6e0c915d6284fddb3f265dc33c25",
        "version" : "1.0.1"
      }
    },
    {
      "identity" : "swift-argument-parser",
      "kind" : "remoteSourceControl",
      "location" : "https://github.com/apple/swift-argument-parser.git",
      "state" : {
        "revision" : "6a52f3251125d74daf04fcbd5e6f08a75d074382",
        "version" : "1.8.2"
      }
    },
    {
      "identity" : "swiftformat",
      "kind" : "remoteSourceControl",
      "location" : "https://github.com/nicklockwood/SwiftFormat",
      "state" : {
        "revision" : "2226e9d89bf05a604cc985bab3dccb44ff7c8ee3",
        "version" : "0.62.1"
      }
    },
    {
      "identity" : "swiftyjson",
      "kind" : "remoteSourceControl",
      "location" : "https://github.com/SwiftyJSON/SwiftyJSON",
      "state" : {
        "revision" : "af76cf3ef710b6ca5f8c05f3a31307d44a3c5828",
        "version" : "5.0.2"
      }
    },
    {
      "identity" : "swiftyxmlparser",
      "kind" : "remoteSourceControl",
      "location" : "https://github.com/yahoojapan/SwiftyXMLParser",
      "state" : {
        "revision" : "d7a1d23f04c86c1cd2e8f19247dd15d74e0ea8be",
        "version" : "5.6.0"
      }
    }
  ],
  "version" : 3
}
