{
  "originHash" : "72f204ae31ef0be0daa28636f16ecfac046d1cce13ad30ac0aba8f4987ca7a53",
  "pins" : [
    {
      "identity" : "alamofire",
      "kind" : "remoteSourceControl",
      "location" : "https://github.com/Alamofire/Alamofire",
      "state" : {
        "revision" : "bda9ed57d72988a3a2ada33d824583541f86eac6",
        "version" : "5.12.2"
      }
    },
    {
      "identity" : "codescanner",
      "kind" : "remoteSourceControl",
      "location" : "https://github.com/twostraws/CodeScanner.git",
      "state" : {
        "revision" : "5e886430238944c7200fc9e10dbf2d9550dba865",
        "version" : "2.5.2"
      }
    },
    {
      "identity" : "nextcloudcapabilitieskit",
      "kind" : "remoteSourceControl",
      "location" : "https://github.com/nextcloud/NextcloudCapabilitiesKit.git",
      "state" : {
        "revision" : "e7cc7d2214ff565e08cffd8495465634d2c6998c",
        "version" : "2.5.0"
      }
    },
    {
      "identity" : "nextcloudkit",
      "kind" : "remoteSourceControl",
      "location" : "https://github.com/nextcloud/NextcloudKit",
      "state" : {
        "revision" : "2c86f8b3af59b51f60bfcc8620f59f845a5554fb",
        "version" : "7.5.0"
      }
    },
    {
      "identity" : "realm-core",
      "kind" : "remoteSourceControl",
      "location" : "https://github.com/realm/realm-core.git",
      "state" : {
        "revision" : "b4192c46305570577c4d08df790fddec5ab3aa04",
        "version" : "20.1.5"
      }
    },
    {
      "identity" : "realm-swift",
      "kind" : "remoteSourceControl",
      "location" : "https://github.com/realm/realm-swift.git",
      "state" : {
        "revision" : "ca03df491ec5e4bb8af0bca1e9957d08c10ec2da",
        "version" : "20.0.5"
      }
    },
    {
      "identity" : "suggestionstextfieldkit",
      "kind" : "remoteSourceControl",
      "location" : "https://github.com/claucambra/SuggestionsTextFieldKit.git",
      "state" : {
        "revision" : "b8e267d98a2a6e0c915d6284fddb3f265dc33c25",
        "version" : "1.0.1"
      }
    },
    {
      "identity" : "swift-argument-parser",
      "kind" : "remoteSourceControl",
      "location" : "https://github.com/apple/swift-argument-parser.git",
      "state" : {
        "revision" : "6a52f3251125d74daf04fcbd5e6f08a75d074382",
        "version" : "1.8.2"
      }
    },
    {
      "identity" : "swiftformat",
      "kind" : "remoteSourceControl",
      "location" : "https://github.com/nicklockwood/SwiftFormat",
      "state" : {
        "revision" : "0256422f1a5e967c68dc923f1905c0a155dca188",
        "version" : "0.63.0"
      }
    },
    {
      "identity" : "swiftyjson",
      "kind" : "remoteSourceControl",
      "location" : "https://github.com/SwiftyJSON/SwiftyJSON",
      "state" : {
        "revision" : "af76cf3ef710b6ca5f8c05f3a31307d44a3c5828",
        "version" : "5.0.2"
      }
    },
    {
      "identity" : "swiftyxmlparser",
      "kind" : "remoteSourceControl",
      "location" : "https://github.com/yahoojapan/SwiftyXMLParser",
      "state" : {
        "revision" : "d7a1d23f04c86c1cd2e8f19247dd15d74e0ea8be",
        "version" : "5.6.0"
      }
    }
  ],
  "version" : 3
}
