// !$*UTF8*$!
{
	archiveVersion = 1;
	classes = {
	};
	objectVersion = 46;
	objects = {

/* Begin PBXBuildFile section */
		0B36CB92182461A10039B237 /* SyncStateFinder.bundle in Resources */ = {isa = PBXBuildFile; fileRef = 0B36CB91182461A10039B237 /* SyncStateFinder.bundle */; };
		0BD9C38E1778EF450094CF5D /* license.txt in Resources */ = {isa = PBXBuildFile; fileRef = 0BD9C38D1778EF450094CF5D /* license.txt */; };
		8D576314048677EA00EA77CD /* CoreFoundation.framework in Frameworks */ = {isa = PBXBuildFile; fileRef = 0AA1909FFE8422F4C02AAC07 /* CoreFoundation.framework */; };
		8D5B49A804867FD3000E48DA /* InfoPlist.strings in Resources */ = {isa = PBXBuildFile; fileRef = 8D5B49A704867FD3000E48DA /* InfoPlist.strings */; };
		D6ACBEA2117B7D5600F6691C /* OwnCloudInjector.m in Sources */ = {isa = PBXBuildFile; fileRef = D6ACBE9E117B7D5600F6691C /* OwnCloudInjector.m */; };
		D6ACBEA3117B7D5600F6691C /* LNStandardVersionComparator.m in Sources */ = {isa = PBXBuildFile; fileRef = D6ACBEA0117B7D5600F6691C /* LNStandardVersionComparator.m */; };
		D6ACBEA5117B7D6100F6691C /* OwnCloudInjector.sdef in Resources */ = {isa = PBXBuildFile; fileRef = D6ACBEA4117B7D6100F6691C /* OwnCloudInjector.sdef */; };
/* End PBXBuildFile section */

/* Begin PBXFileReference section */
		089C167EFE841241C02AAC07 /* English */ = {isa = PBXFileReference; fileEncoding = 4; lastKnownFileType = text.plist.strings; name = English; path = English.lproj/InfoPlist.strings; sourceTree = "<group>"; };
		0AA1909FFE8422F4C02AAC07 /* CoreFoundation.framework */ = {isa = PBXFileReference; lastKnownFileType = wrapper.framework; name = CoreFoundation.framework; path = /System/Library/Frameworks/CoreFoundation.framework; sourceTree = "<absolute>"; };
		0B36CB91182461A10039B237 /* SyncStateFinder.bundle */ = {isa = PBXFileReference; explicitFileType = wrapper.cfbundle; path = SyncStateFinder.bundle; sourceTree = BUILT_PRODUCTS_DIR; };
		0BD9C38D1778EF450094CF5D /* license.txt */ = {isa = PBXFileReference; fileEncoding = 4; lastKnownFileType = text; path = license.txt; sourceTree = "<group>"; };
		8D576317048677EA00EA77CD /* Info.plist */ = {isa = PBXFileReference; fileEncoding = 4; lastKnownFileType = text.plist.xml; path = Info.plist; sourceTree = "<group>"; };
		D60A992314CE37030061AD6D /* SyncStateFinder.osax */ = {isa = PBXFileReference; explicitFileType = wrapper.cfbundle; includeInIndex = 0; path = SyncStateFinder.osax; sourceTree = BUILT_PRODUCTS_DIR; };
		D6ACBE9E117B7D5600F6691C /* OwnCloudInjector.m */ = {isa = PBXFileReference; fileEncoding = 4; lastKnownFileType = sourcecode.c.objc; path = OwnCloudInjector.m; sourceTree = "<group>"; };
		D6ACBE9F117B7D5600F6691C /* LNVersionComparisonProtocol.h */ = {isa = PBXFileReference; fileEncoding = 4; lastKnownFileType = sourcecode.c.h; path = LNVersionComparisonProtocol.h; sourceTree = "<group>"; };
		D6ACBEA0117B7D5600F6691C /* LNStandardVersionComparator.m */ = {isa = PBXFileReference; fileEncoding = 4; lastKnownFileType = sourcecode.c.objc; path = LNStandardVersionComparator.m; sourceTree = "<group>"; };
		D6ACBEA1117B7D5600F6691C /* LNStandardVersionComparator.h */ = {isa = PBXFileReference; fileEncoding = 4; lastKnownFileType = sourcecode.c.h; path = LNStandardVersionComparator.h; sourceTree = "<group>"; };
		D6ACBEA4117B7D6100F6691C /* OwnCloudInjector.sdef */ = {isa = PBXFileReference; fileEncoding = 4; lastKnownFileType = text.xml; path = OwnCloudInjector.sdef; sourceTree = "<group>"; };
/* End PBXFileReference section */

/* Begin PBXFrameworksBuildPhase section */
		8D576313048677EA00EA77CD /* Frameworks */ = {
			isa = PBXFrameworksBuildPhase;
			buildActionMask = 2147483647;
			files = (
				8D576314048677EA00EA77CD /* CoreFoundation.framework in Frameworks */,
			);
			runOnlyForDeploymentPostprocessing = 0;
		};
/* End PBXFrameworksBuildPhase section */

/* Begin PBXGroup section */
		089C166AFE841209C02AAC07 /* TotalFinder-osax */ = {
			isa = PBXGroup;
			children = (
				08FB77AFFE84173DC02AAC07 /* Source */,
				089C167CFE841241C02AAC07 /* Resources */,
				089C1671FE841209C02AAC07 /* Dependencies */,
				D60A992414CE37030061AD6D /* Products */,
			);
			indentWidth = 2;
			name = "SyncStateFinder-osax";
			sourceTree = "<group>";
			tabWidth = 2;
			usesTabs = 0;
		};
		089C1671FE841209C02AAC07 /* Dependencies */ = {
			isa = PBXGroup;
			children = (
				0AA1909FFE8422F4C02AAC07 /* CoreFoundation.framework */,
			);
			name = Dependencies;
			sourceTree = "<group>";
		};
		089C167CFE841241C02AAC07 /* Resources */ = {
			isa = PBXGroup;
			children = (
				0B36CB91182461A10039B237 /* SyncStateFinder.bundle */,
				D6ACBEA4117B7D6100F6691C /* OwnCloudInjector.sdef */,
				8D576317048677EA00EA77CD /* Info.plist */,
				8D5B49A704867FD3000E48DA /* InfoPlist.strings */,
				0BD9C38D1778EF450094CF5D /* license.txt */,
			);
			name = Resources;
			sourceTree = "<group>";
		};
		08FB77AFFE84173DC02AAC07 /* Source */ = {
			isa = PBXGroup;
			children = (
				D6ACBE9E117B7D5600F6691C /* OwnCloudInjector.m */,
				D6ACBE9F117B7D5600F6691C /* LNVersionComparisonProtocol.h */,
				D6ACBEA0117B7D5600F6691C /* LNStandardVersionComparator.m */,
				D6ACBEA1117B7D5600F6691C /* LNStandardVersionComparator.h */,
			);
			name = Source;
			sourceTree = "<group>";
		};
		D60A992414CE37030061AD6D /* Products */ = {
			isa = PBXGroup;
			children = (
				D60A992314CE37030061AD6D /* SyncStateFinder.osax */,
			);
			name = Products;
			sourceTree = "<group>";
		};
/* End PBXGroup section */

/* Begin PBXNativeTarget section */
		8D57630D048677EA00EA77CD /* SyncStateFinder.osax */ = {
			isa = PBXNativeTarget;
			buildConfigurationList = 1DEB911A08733D790010E9CD /* Build configuration list for PBXNativeTarget "SyncStateFinder.osax" */;
			buildPhases = (
				8D57630F048677EA00EA77CD /* Resources */,
				8D576311048677EA00EA77CD /* Sources */,
				8D576313048677EA00EA77CD /* Frameworks */,
			);
			buildRules = (
			);
			dependencies = (
			);
			name = SyncStateFinder.osax;
			productInstallPath = "$(HOME)/Library/Bundles";
			productName = "SyncStateFinder-osax";
			productReference = D60A992314CE37030061AD6D /* SyncStateFinder.osax */;
			productType = "com.apple.product-type.bundle";
		};
/* End PBXNativeTarget section */

/* Begin PBXProject section */
		089C1669FE841209C02AAC07 /* Project object */ = {
			isa = PBXProject;
			attributes = {
				BuildIndependentTargetsInParallel = YES;
				LastUpgradeCheck = 0460;
				ORGANIZATIONNAME = BinaryAge;
			};
			buildConfigurationList = 1DEB911E08733D790010E9CD /* Build configuration list for PBXProject "OwnCloudInjector" */;
			compatibilityVersion = "Xcode 3.2";
			developmentRegion = English;
			hasScannedForEncodings = 1;
			knownRegions = (
				en,
				English,
			);
			mainGroup = 089C166AFE841209C02AAC07 /* TotalFinder-osax */;
			productRefGroup = D60A992414CE37030061AD6D /* Products */;
			projectDirPath = "";
			projectRoot = "";
			targets = (
				8D57630D048677EA00EA77CD /* SyncStateFinder.osax */,
			);
		};
/* End PBXProject section */

/* Begin PBXResourcesBuildPhase section */
		8D57630F048677EA00EA77CD /* Resources */ = {
			isa = PBXResourcesBuildPhase;
			buildActionMask = 2147483647;
			files = (
				0B36CB92182461A10039B237 /* SyncStateFinder.bundle in Resources */,
				8D5B49A804867FD3000E48DA /* InfoPlist.strings in Resources */,
				D6ACBEA5117B7D6100F6691C /* OwnCloudInjector.sdef in Resources */,
				0BD9C38E1778EF450094CF5D /* license.txt in Resources */,
			);
			runOnlyForDeploymentPostprocessing = 0;
		};
/* End PBXResourcesBuildPhase section */

/* Begin PBXSourcesBuildPhase section */
		8D576311048677EA00EA77CD /* Sources */ = {
			isa = PBXSourcesBuildPhase;
			buildActionMask = 2147483647;
			files = (
				D6ACBEA2117B7D5600F6691C /* OwnCloudInjector.m in Sources */,
				D6ACBEA3117B7D5600F6691C /* LNStandardVersionComparator.m in Sources */,
			);
			runOnlyForDeploymentPostprocessing = 0;
		};
/* End PBXSourcesBuildPhase section */

/* Begin PBXVariantGroup section */
		8D5B49A704867FD3000E48DA /* InfoPlist.strings */ = {
			isa = PBXVariantGroup;
			children = (
				089C167EFE841241C02AAC07 /* English */,
			);
			name = InfoPlist.strings;
			sourceTree = "<group>";
		};
/* End PBXVariantGroup section */

/* Begin XCBuildConfiguration section */
		1DEB911B08733D790010E9CD /* Debug */ = {
			isa = XCBuildConfiguration;
			buildSettings = {
				ARCHS = "$(ARCHS_STANDARD_32_64_BIT)";
				COMBINE_HIDPI_IMAGES = YES;
				GCC_DYNAMIC_NO_PIC = NO;
				INFOPLIST_FILE = Info.plist;
				OTHER_LDFLAGS = (
					"-framework",
					Foundation,
					"-framework",
					AppKit,
				);
				PRODUCT_NAME = SyncStateFinder;
				SKIP_INSTALL = YES;
				WRAPPER_EXTENSION = osax;
			};
			name = Debug;
		};
		1DEB911C08733D790010E9CD /* Release */ = {
			isa = XCBuildConfiguration;
			buildSettings = {
				ARCHS = "$(ARCHS_STANDARD_32_64_BIT)";
				COMBINE_HIDPI_IMAGES = YES;
				DEBUG_INFORMATION_FORMAT = "dwarf-with-dsym";
				INFOPLIST_FILE = Info.plist;
				OTHER_LDFLAGS = (
					"-framework",
					Foundation,
					"-framework",
					AppKit,
				);
				PRODUCT_NAME = SyncStateFinder;
				WRAPPER_EXTENSION = osax;
			};
			name = Release;
		};
		1DEB911F08733D790010E9CD /* Debug */ = {
			isa = XCBuildConfiguration;
			buildSettings = {
				CONFIGURATION_TEMP_DIR = "$(PROJECT_TEMP_DIR)/$(CONFIGURATION)$(EFFECTIVE_PLATFORM_NAME)";
				COPY_PHASE_STRIP = NO;
				GCC_OPTIMIZATION_LEVEL = 0;
				GCC_SYMBOLS_PRIVATE_EXTERN = YES;
				GCC_WARN_UNUSED_VARIABLE = YES;
				MACOSX_DEPLOYMENT_TARGET = 10.7;
				SDKROOT = macosx;
			};
			name = Debug;
		};
		1DEB912008733D790010E9CD /* Release */ = {
			isa = XCBuildConfiguration;
			buildSettings = {
				GCC_SYMBOLS_PRIVATE_EXTERN = YES;
				GCC_WARN_UNUSED_VARIABLE = YES;
				MACOSX_DEPLOYMENT_TARGET = 10.7;
				SDKROOT = macosx;
			};
			name = Release;
		};
/* End XCBuildConfiguration section */

/* Begin XCConfigurationList section */
		1DEB911A08733D790010E9CD /* Build configuration list for PBXNativeTarget "SyncStateFinder.osax" */ = {
			isa = XCConfigurationList;
			buildConfigurations = (
				1DEB911B08733D790010E9CD /* Debug */,
				1DEB911C08733D790010E9CD /* Release */,
			);
			defaultConfigurationIsVisible = 0;
			defaultConfigurationName = Release;
		};
		1DEB911E08733D790010E9CD /* Build configuration list for PBXProject "OwnCloudInjector" */ = {
			isa = XCConfigurationList;
			buildConfigurations = (
				1DEB911F08733D790010E9CD /* Debug */,
				1DEB912008733D790010E9CD /* Release */,
			);
			defaultConfigurationIsVisible = 0;
			defaultConfigurationName = Release;
		};
/* End XCConfigurationList section */
	};
	rootObject = 089C1669FE841209C02AAC07 /* Project object */;
}
